
Microsoft Visual Studio Solution File, Format Version 12.00
# Visual Studio 15
VisualStudioVersion = 15.0.26430.12
MinimumVisualStudioVersion = 10.0.40219.1
Project("{8BC9CEB8-8B4A-11D0-8D11-00A0C91BC942}") = "QMath", "QMath\QMath.vcxproj", "{90F82D92-AB83-4E23-A2DF-7CDDEB3760EC}"
EndProject
Project("{8BC9CEB8-8B4A-11D0-8D11-00A0C91BC942}") = "QMathDebugger", "QMathDebugger\QMathDebugger.vcxproj", "{B6CE5CBD-3AF0-49E6-8B5C-62DC2D770EDC}"
EndProject
Global
	GlobalSection(SolutionConfigurationPlatforms) = preSolution
		Debug|x64 = Debug|x64
		Debug|x86 = Debug|x86
		Release|x64 = Release|x64
		Release|x86 = Release|x86
	EndGlobalSection
	GlobalSection(ProjectConfigurationPlatforms) = postSolution
		{90F82D92-AB83-4E23-A2DF-7CDDEB3760EC}.Debug|x64.ActiveCfg = Debug|x64
		{90F82D92-AB83-4E23-A2DF-7CDDEB3760EC}.Debug|x64.Build.0 = Debug|x64
		{90F82D92-AB83-4E23-A2DF-7CDDEB3760EC}.Debug|x86.ActiveCfg = Debug|Win32
		{90F82D92-AB83-4E23-A2DF-7CDDEB3760EC}.Debug|x86.Build.0 = Debug|Win32
		{90F82D92-AB83-4E23-A2DF-7CDDEB3760EC}.Release|x64.ActiveCfg = Release|x64
		{90F82D92-AB83-4E23-A2DF-7CDDEB3760EC}.Release|x64.Build.0 = Release|x64
		{90F82D92-AB83-4E23-A2DF-7CDDEB3760EC}.Release|x86.ActiveCfg = Release|Win32
		{90F82D92-AB83-4E23-A2DF-7CDDEB3760EC}.Release|x86.Build.0 = Release|Win32
		{B6CE5CBD-3AF0-49E6-8B5C-62DC2D770EDC}.Debug|x64.ActiveCfg = Debug|x64
		{B6CE5CBD-3AF0-49E6-8B5C-62DC2D770EDC}.Debug|x64.Build.0 = Debug|x64
		{B6CE5CBD-3AF0-49E6-8B5C-62DC2D770EDC}.Debug|x86.ActiveCfg = Debug|Win32
		{B6CE5CBD-3AF0-49E6-8B5C-62DC2D770EDC}.Debug|x86.Build.0 = Debug|Win32
		{B6CE5CBD-3AF0-49E6-8B5C-62DC2D770EDC}.Release|x64.ActiveCfg = Release|x64
		{B6CE5CBD-3AF0-49E6-8B5C-62DC2D770EDC}.Release|x64.Build.0 = Release|x64
		{B6CE5CBD-3AF0-49E6-8B5C-62DC2D770EDC}.Release|x86.ActiveCfg = Release|Win32
		{B6CE5CBD-3AF0-49E6-8B5C-62DC2D770EDC}.Release|x86.Build.0 = Release|Win32
	EndGlobalSection
	GlobalSection(SolutionProperties) = preSolution
		HideSolutionNode = FALSE
	EndGlobalSection
EndGlobal
